
Microsoft Visual Studio Solution File, Format Version 12.00
# Visual Studio Version 16
VisualStudioVersion = 16.0.31019.35
MinimumVisualStudioVersion = 10.0.40219.1
Project("{FAE04EC0-301F-11D3-BF4B-00C04F79EFBC}") = "HireTroops", "HireTroops\HireTroops.csproj", "{90DE30B7-720A-44F2-BE0E-AF87F93BED7E}"
EndProject
Global
	GlobalSection(SolutionConfigurationPlatforms) = preSolution
		Debug|Any CPU = Debug|Any CPU
		Release|Any CPU = Release|Any CPU
	EndGlobalSection
	GlobalSection(ProjectConfigurationPlatforms) = postSolution
		{90DE30B7-720A-44F2-BE0E-AF87F93BED7E}.Debug|Any CPU.ActiveCfg = Debug|Any CPU
		{90DE30B7-720A-44F2-BE0E-AF87F93BED7E}.Debug|Any CPU.Build.0 = Debug|Any CPU
		{90DE30B7-720A-44F2-BE0E-AF87F93BED7E}.Release|Any CPU.ActiveCfg = Release|Any CPU
		{90DE30B7-720A-44F2-BE0E-AF87F93BED7E}.Release|Any CPU.Build.0 = Release|Any CPU
	EndGlobalSection
	GlobalSection(SolutionProperties) = preSolution
		HideSolutionNode = FALSE
	EndGlobalSection
	GlobalSection(ExtensibilityGlobals) = postSolution
		SolutionGuid = {C91D34DE-250E-42A8-A5B0-202F59CF19E0}
	EndGlobalSection
EndGlobal
